
Microsoft Visual Studio Solution File, Format Version 12.00
# Visual Studio Version 17
VisualStudioVersion = 17.4.33205.214
MinimumVisualStudioVersion = 10.0.40219.1
Project("{FAE04EC0-301F-11D3-BF4B-00C04F79EFBC}") = "001_HelloWorld", "001_HelloWorld\001_HelloWorld.csproj", "{4DC891B0-709D-48DB-8898-77BA5B1BE0D6}"
EndProject
Project("{FAE04EC0-301F-11D3-BF4B-00C04F79EFBC}") = "001_Mission", "001_Mission\001_Mission.csproj", "{97CA8697-D35C-412F-8F9E-774DB83C8D66}"
EndProject
Project("{FAE04EC0-301F-11D3-BF4B-00C04F79EFBC}") = "002_Variable", "002_Variable\002_Variable.csproj", "{BCEC57FC-E306-417B-B71A-5EDFABD3BD51}"
EndProject
Project("{FAE04EC0-301F-11D3-BF4B-00C04F79EFBC}") = "003_Interger", "003_Interger\003_Interger.csproj", "{E942E9E4-B5E3-4981-81C6-477F8E0C33A6}"
EndProject
Project("{FAE04EC0-301F-11D3-BF4B-00C04F79EFBC}") = "002_Mission", "002_Mission\002_Mission.csproj", "{E25AA348-20EC-406A-84F1-97FCE9F3054C}"
EndProject
Project("{FAE04EC0-301F-11D3-BF4B-00C04F79EFBC}") = "004_Float_Double", "004_Float_Double\004_Float_Double.csproj", "{186D57C9-8B2F-47D7-BF14-B652CDD061A1}"
EndProject
Project("{FAE04EC0-301F-11D3-BF4B-00C04F79EFBC}") = "005_decimal", "005_decimal\005_decimal.csproj", "{86758759-675B-426B-9121-4471A12A343D}"
EndProject
Project("{FAE04EC0-301F-11D3-BF4B-00C04F79EFBC}") = "003_Mission", "003_Mission\003_Mission.csproj", "{AC0E8E71-95C6-4436-AB48-18079C05380A}"
EndProject
Project("{FAE04EC0-301F-11D3-BF4B-00C04F79EFBC}") = "006_bool", "006_bool\006_bool.csproj", "{887015F4-8C89-4BFA-B35E-474F0AC815E8}"
EndProject
Project("{FAE04EC0-301F-11D3-BF4B-00C04F79EFBC}") = "007_Const", "007_Const\007_Const.csproj", "{F4AFA3EB-092B-48A4-A74D-86DAEC9F3081}"
EndProject
Project("{FAE04EC0-301F-11D3-BF4B-00C04F79EFBC}") = "008_Enum", "008_Enum\008_Enum.csproj", "{2E54233D-9EBB-4CDF-AA40-25C87BBB3754}"
EndProject
Project("{FAE04EC0-301F-11D3-BF4B-00C04F79EFBC}") = "009_Var", "009_Var\009_Var.csproj", "{C4D3626F-55C3-4A26-98BD-6BB9044592AD}"
EndProject
Project("{FAE04EC0-301F-11D3-BF4B-00C04F79EFBC}") = "010_Nullable", "010_Nullable\010_Nullable.csproj", "{3DC46348-0987-4AC6-B769-2A6466F7CB7C}"
EndProject
Project("{FAE04EC0-301F-11D3-BF4B-00C04F79EFBC}") = "011_Char", "011_Char\011_Char.csproj", "{F47F6079-4035-4A06-B813-8C6D474F2436}"
EndProject
Project("{FAE04EC0-301F-11D3-BF4B-00C04F79EFBC}") = "004_Mission", "004_Mission\004_Mission.csproj", "{4C1C68B1-47F0-4740-9019-B6FC4A5611E7}"
EndProject
Project("{FAE04EC0-301F-11D3-BF4B-00C04F79EFBC}") = "012_WriteLine", "012_WriteLine\012_WriteLine.csproj", "{16044E9A-3D39-469F-949D-D9594C029409}"
EndProject
Project("{FAE04EC0-301F-11D3-BF4B-00C04F79EFBC}") = "013_ReadLine", "013_ReadLine\013_ReadLine.csproj", "{ED858FC6-60B7-477C-AC68-35D67412235C}"
EndProject
Project("{FAE04EC0-301F-11D3-BF4B-00C04F79EFBC}") = "005_Mission", "005_Mission\005_Mission.csproj", "{D91DDC34-DC79-4B42-9ABC-73523777C505}"
EndProject
Global
	GlobalSection(SolutionConfigurationPlatforms) = preSolution
		Debug|Any CPU = Debug|Any CPU
		Release|Any CPU = Release|Any CPU
	EndGlobalSection
	GlobalSection(ProjectConfigurationPlatforms) = postSolution
		{4DC891B0-709D-48DB-8898-77BA5B1BE0D6}.Debug|Any CPU.ActiveCfg = Debug|Any CPU
		{4DC891B0-709D-48DB-8898-77BA5B1BE0D6}.Debug|Any CPU.Build.0 = Debug|Any CPU
		{4DC891B0-709D-48DB-8898-77BA5B1BE0D6}.Release|Any CPU.ActiveCfg = Release|Any CPU
		{4DC891B0-709D-48DB-8898-77BA5B1BE0D6}.Release|Any CPU.Build.0 = Release|Any CPU
		{97CA8697-D35C-412F-8F9E-774DB83C8D66}.Debug|Any CPU.ActiveCfg = Debug|Any CPU
		{97CA8697-D35C-412F-8F9E-774DB83C8D66}.Debug|Any CPU.Build.0 = Debug|Any CPU
		{97CA8697-D35C-412F-8F9E-774DB83C8D66}.Release|Any CPU.ActiveCfg = Release|Any CPU
		{97CA8697-D35C-412F-8F9E-774DB83C8D66}.Release|Any CPU.Build.0 = Release|Any CPU
		{BCEC57FC-E306-417B-B71A-5EDFABD3BD51}.Debug|Any CPU.ActiveCfg = Debug|Any CPU
		{BCEC57FC-E306-417B-B71A-5EDFABD3BD51}.Debug|Any CPU.Build.0 = Debug|Any CPU
		{BCEC57FC-E306-417B-B71A-5EDFABD3BD51}.Release|Any CPU.ActiveCfg = Release|Any CPU
		{BCEC57FC-E306-417B-B71A-5EDFABD3BD51}.Release|Any CPU.Build.0 = Release|Any CPU
		{E942E9E4-B5E3-4981-81C6-477F8E0C33A6}.Debug|Any CPU.ActiveCfg = Debug|Any CPU
		{E942E9E4-B5E3-4981-81C6-477F8E0C33A6}.Debug|Any CPU.Build.0 = Debug|Any CPU
		{E942E9E4-B5E3-4981-81C6-477F8E0C33A6}.Release|Any CPU.ActiveCfg = Release|Any CPU
		{E942E9E4-B5E3-4981-81C6-477F8E0C33A6}.Release|Any CPU.Build.0 = Release|Any CPU
		{E25AA348-20EC-406A-84F1-97FCE9F3054C}.Debug|Any CPU.ActiveCfg = Debug|Any CPU
		{E25AA348-20EC-406A-84F1-97FCE9F3054C}.Debug|Any CPU.Build.0 = Debug|Any CPU
		{E25AA348-20EC-406A-84F1-97FCE9F3054C}.Release|Any CPU.ActiveCfg = Release|Any CPU
		{E25AA348-20EC-406A-84F1-97FCE9F3054C}.Release|Any CPU.Build.0 = Release|Any CPU
		{186D57C9-8B2F-47D7-BF14-B652CDD061A1}.Debug|Any CPU.ActiveCfg = Debug|Any CPU
		{186D57C9-8B2F-47D7-BF14-B652CDD061A1}.Debug|Any CPU.Build.0 = Debug|Any CPU
		{186D57C9-8B2F-47D7-BF14-B652CDD061A1}.Release|Any CPU.ActiveCfg = Release|Any CPU
		{186D57C9-8B2F-47D7-BF14-B652CDD061A1}.Release|Any CPU.Build.0 = Release|Any CPU
		{86758759-675B-426B-9121-4471A12A343D}.Debug|Any CPU.ActiveCfg = Debug|Any CPU
		{86758759-675B-426B-9121-4471A12A343D}.Debug|Any CPU.Build.0 = Debug|Any CPU
		{86758759-675B-426B-9121-4471A12A343D}.Release|Any CPU.ActiveCfg = Release|Any CPU
		{86758759-675B-426B-9121-4471A12A343D}.Release|Any CPU.Build.0 = Release|Any CPU
		{AC0E8E71-95C6-4436-AB48-18079C05380A}.Debug|Any CPU.ActiveCfg = Debug|Any CPU
		{AC0E8E71-95C6-4436-AB48-18079C05380A}.Debug|Any CPU.Build.0 = Debug|Any CPU
		{AC0E8E71-95C6-4436-AB48-18079C05380A}.Release|Any CPU.ActiveCfg = Release|Any CPU
		{AC0E8E71-95C6-4436-AB48-18079C05380A}.Release|Any CPU.Build.0 = Release|Any CPU
		{887015F4-8C89-4BFA-B35E-474F0AC815E8}.Debug|Any CPU.ActiveCfg = Debug|Any CPU
		{887015F4-8C89-4BFA-B35E-474F0AC815E8}.Debug|Any CPU.Build.0 = Debug|Any CPU
		{887015F4-8C89-4BFA-B35E-474F0AC815E8}.Release|Any CPU.ActiveCfg = Release|Any CPU
		{887015F4-8C89-4BFA-B35E-474F0AC815E8}.Release|Any CPU.Build.0 = Release|Any CPU
		{F4AFA3EB-092B-48A4-A74D-86DAEC9F3081}.Debug|Any CPU.ActiveCfg = Debug|Any CPU
		{F4AFA3EB-092B-48A4-A74D-86DAEC9F3081}.Debug|Any CPU.Build.0 = Debug|Any CPU
		{F4AFA3EB-092B-48A4-A74D-86DAEC9F3081}.Release|Any CPU.ActiveCfg = Release|Any CPU
		{F4AFA3EB-092B-48A4-A74D-86DAEC9F3081}.Release|Any CPU.Build.0 = Release|Any CPU
		{2E54233D-9EBB-4CDF-AA40-25C87BBB3754}.Debug|Any CPU.ActiveCfg = Debug|Any CPU
		{2E54233D-9EBB-4CDF-AA40-25C87BBB3754}.Debug|Any CPU.Build.0 = Debug|Any CPU
		{2E54233D-9EBB-4CDF-AA40-25C87BBB3754}.Release|Any CPU.ActiveCfg = Release|Any CPU
		{2E54233D-9EBB-4CDF-AA40-25C87BBB3754}.Release|Any CPU.Build.0 = Release|Any CPU
		{C4D3626F-55C3-4A26-98BD-6BB9044592AD}.Debug|Any CPU.ActiveCfg = Debug|Any CPU
		{C4D3626F-55C3-4A26-98BD-6BB9044592AD}.Debug|Any CPU.Build.0 = Debug|Any CPU
		{C4D3626F-55C3-4A26-98BD-6BB9044592AD}.Release|Any CPU.ActiveCfg = Release|Any CPU
		{C4D3626F-55C3-4A26-98BD-6BB9044592AD}.Release|Any CPU.Build.0 = Release|Any CPU
		{3DC46348-0987-4AC6-B769-2A6466F7CB7C}.Debug|Any CPU.ActiveCfg = Debug|Any CPU
		{3DC46348-0987-4AC6-B769-2A6466F7CB7C}.Debug|Any CPU.Build.0 = Debug|Any CPU
		{3DC46348-0987-4AC6-B769-2A6466F7CB7C}.Release|Any CPU.ActiveCfg = Release|Any CPU
		{3DC46348-0987-4AC6-B769-2A6466F7CB7C}.Release|Any CPU.Build.0 = Release|Any CPU
		{F47F6079-4035-4A06-B813-8C6D474F2436}.Debug|Any CPU.ActiveCfg = Debug|Any CPU
		{F47F6079-4035-4A06-B813-8C6D474F2436}.Debug|Any CPU.Build.0 = Debug|Any CPU
		{F47F6079-4035-4A06-B813-8C6D474F2436}.Release|Any CPU.ActiveCfg = Release|Any CPU
		{F47F6079-4035-4A06-B813-8C6D474F2436}.Release|Any CPU.Build.0 = Release|Any CPU
		{4C1C68B1-47F0-4740-9019-B6FC4A5611E7}.Debug|Any CPU.ActiveCfg = Debug|Any CPU
		{4C1C68B1-47F0-4740-9019-B6FC4A5611E7}.Debug|Any CPU.Build.0 = Debug|Any CPU
		{4C1C68B1-47F0-4740-9019-B6FC4A5611E7}.Release|Any CPU.ActiveCfg = Release|Any CPU
		{4C1C68B1-47F0-4740-9019-B6FC4A5611E7}.Release|Any CPU.Build.0 = Release|Any CPU
		{16044E9A-3D39-469F-949D-D9594C029409}.Debug|Any CPU.ActiveCfg = Debug|Any CPU
		{16044E9A-3D39-469F-949D-D9594C029409}.Debug|Any CPU.Build.0 = Debug|Any CPU
		{16044E9A-3D39-469F-949D-D9594C029409}.Release|Any CPU.ActiveCfg = Release|Any CPU
		{16044E9A-3D39-469F-949D-D9594C029409}.Release|Any CPU.Build.0 = Release|Any CPU
		{ED858FC6-60B7-477C-AC68-35D67412235C}.Debug|Any CPU.ActiveCfg = Debug|Any CPU
		{ED858FC6-60B7-477C-AC68-35D67412235C}.Debug|Any CPU.Build.0 = Debug|Any CPU
		{ED858FC6-60B7-477C-AC68-35D67412235C}.Release|Any CPU.ActiveCfg = Release|Any CPU
		{ED858FC6-60B7-477C-AC68-35D67412235C}.Release|Any CPU.Build.0 = Release|Any CPU
		{D91DDC34-DC79-4B42-9ABC-73523777C505}.Debug|Any CPU.ActiveCfg = Debug|Any CPU
		{D91DDC34-DC79-4B42-9ABC-73523777C505}.Debug|Any CPU.Build.0 = Debug|Any CPU
		{D91DDC34-DC79-4B42-9ABC-73523777C505}.Release|Any CPU.ActiveCfg = Release|Any CPU
		{D91DDC34-DC79-4B42-9ABC-73523777C505}.Release|Any CPU.Build.0 = Release|Any CPU
	EndGlobalSection
	GlobalSection(SolutionProperties) = preSolution
		HideSolutionNode = FALSE
	EndGlobalSection
	GlobalSection(ExtensibilityGlobals) = postSolution
		SolutionGuid = {F4931FB1-3E66-4968-A74D-D8D29666D21A}
	EndGlobalSection
EndGlobal
