
Microsoft Visual Studio Solution File, Format Version 12.00
# Visual Studio Version 17
VisualStudioVersion = 17.4.33205.214
MinimumVisualStudioVersion = 10.0.40219.1
Project("{FAE04EC0-301F-11D3-BF4B-00C04F79EFBC}") = "Chapter_01", "Chapter_01\Chapter_01.csproj", "{8C0DCDD8-55BC-4081-8AEB-D0470BE2D821}"
EndProject
Project("{FAE04EC0-301F-11D3-BF4B-00C04F79EFBC}") = "Chapter02", "Chapter02\Chapter02.csproj", "{9CC13939-F0F1-4BB6-9398-F0666F9BC37C}"
EndProject
Global
	GlobalSection(SolutionConfigurationPlatforms) = preSolution
		Debug|Any CPU = Debug|Any CPU
		Release|Any CPU = Release|Any CPU
	EndGlobalSection
	GlobalSection(ProjectConfigurationPlatforms) = postSolution
		{8C0DCDD8-55BC-4081-8AEB-D0470BE2D821}.Debug|Any CPU.ActiveCfg = Debug|Any CPU
		{8C0DCDD8-55BC-4081-8AEB-D0470BE2D821}.Debug|Any CPU.Build.0 = Debug|Any CPU
		{8C0DCDD8-55BC-4081-8AEB-D0470BE2D821}.Release|Any CPU.ActiveCfg = Release|Any CPU
		{8C0DCDD8-55BC-4081-8AEB-D0470BE2D821}.Release|Any CPU.Build.0 = Release|Any CPU
		{9CC13939-F0F1-4BB6-9398-F0666F9BC37C}.Debug|Any CPU.ActiveCfg = Debug|Any CPU
		{9CC13939-F0F1-4BB6-9398-F0666F9BC37C}.Debug|Any CPU.Build.0 = Debug|Any CPU
		{9CC13939-F0F1-4BB6-9398-F0666F9BC37C}.Release|Any CPU.ActiveCfg = Release|Any CPU
		{9CC13939-F0F1-4BB6-9398-F0666F9BC37C}.Release|Any CPU.Build.0 = Release|Any CPU
	EndGlobalSection
	GlobalSection(SolutionProperties) = preSolution
		HideSolutionNode = FALSE
	EndGlobalSection
	GlobalSection(ExtensibilityGlobals) = postSolution
		SolutionGuid = {F4931FB1-3E66-4968-A74D-D8D29666D21A}
	EndGlobalSection
EndGlobal
