
Microsoft Visual Studio Solution File, Format Version 12.00
# Visual Studio Version 17
VisualStudioVersion = 17.4.33205.214
MinimumVisualStudioVersion = 10.0.40219.1
Project("{FAE04EC0-301F-11D3-BF4B-00C04F79EFBC}") = "001_HelloWorld", "001_HelloWorld\001_HelloWorld.csproj", "{4DC891B0-709D-48DB-8898-77BA5B1BE0D6}"
EndProject
Project("{FAE04EC0-301F-11D3-BF4B-00C04F79EFBC}") = "001_Mission", "001_Mission\001_Mission.csproj", "{97CA8697-D35C-412F-8F9E-774DB83C8D66}"
EndProject
Project("{FAE04EC0-301F-11D3-BF4B-00C04F79EFBC}") = "002_Variable", "002_Variable\002_Variable.csproj", "{BCEC57FC-E306-417B-B71A-5EDFABD3BD51}"
EndProject
Global
	GlobalSection(SolutionConfigurationPlatforms) = preSolution
		Debug|Any CPU = Debug|Any CPU
		Release|Any CPU = Release|Any CPU
	EndGlobalSection
	GlobalSection(ProjectConfigurationPlatforms) = postSolution
		{4DC891B0-709D-48DB-8898-77BA5B1BE0D6}.Debug|Any CPU.ActiveCfg = Debug|Any CPU
		{4DC891B0-709D-48DB-8898-77BA5B1BE0D6}.Debug|Any CPU.Build.0 = Debug|Any CPU
		{4DC891B0-709D-48DB-8898-77BA5B1BE0D6}.Release|Any CPU.ActiveCfg = Release|Any CPU
		{4DC891B0-709D-48DB-8898-77BA5B1BE0D6}.Release|Any CPU.Build.0 = Release|Any CPU
		{97CA8697-D35C-412F-8F9E-774DB83C8D66}.Debug|Any CPU.ActiveCfg = Debug|Any CPU
		{97CA8697-D35C-412F-8F9E-774DB83C8D66}.Debug|Any CPU.Build.0 = Debug|Any CPU
		{97CA8697-D35C-412F-8F9E-774DB83C8D66}.Release|Any CPU.ActiveCfg = Release|Any CPU
		{97CA8697-D35C-412F-8F9E-774DB83C8D66}.Release|Any CPU.Build.0 = Release|Any CPU
		{BCEC57FC-E306-417B-B71A-5EDFABD3BD51}.Debug|Any CPU.ActiveCfg = Debug|Any CPU
		{BCEC57FC-E306-417B-B71A-5EDFABD3BD51}.Debug|Any CPU.Build.0 = Debug|Any CPU
		{BCEC57FC-E306-417B-B71A-5EDFABD3BD51}.Release|Any CPU.ActiveCfg = Release|Any CPU
		{BCEC57FC-E306-417B-B71A-5EDFABD3BD51}.Release|Any CPU.Build.0 = Release|Any CPU
	EndGlobalSection
	GlobalSection(SolutionProperties) = preSolution
		HideSolutionNode = FALSE
	EndGlobalSection
	GlobalSection(ExtensibilityGlobals) = postSolution
		SolutionGuid = {F4931FB1-3E66-4968-A74D-D8D29666D21A}
	EndGlobalSection
EndGlobal
